// !$*UTF8*$!
{
	archiveVersion = 1;
	classes = {
	};
	objectVersion = 50;
	objects = {

/* Begin PBXBuildFile section */
		D6DFDABD220403F000E3DDE1 /* SSASideMenu.swift in Sources */ = {isa = PBXBuildFile; fileRef = D6DFDABC220403F000E3DDE1 /* SSASideMenu.swift */; };
		D6DFDAC02204047D00E3DDE1 /* LeftMenuViewController.swift in Sources */ = {isa = PBXBuildFile; fileRef = D6DFDABE2204047D00E3DDE1 /* LeftMenuViewController.swift */; };
		D6DFDAC12204047D00E3DDE1 /* LeftMenuViewController.xib in Resources */ = {isa = PBXBuildFile; fileRef = D6DFDABF2204047D00E3DDE1 /* LeftMenuViewController.xib */; };
		D6DFDAC82204437800E3DDE1 /* RestaurentCell.swift in Sources */ = {isa = PBXBuildFile; fileRef = D6DFDAC62204437800E3DDE1 /* RestaurentCell.swift */; };
		D6DFDAC92204437800E3DDE1 /* RestaurentCell.xib in Resources */ = {isa = PBXBuildFile; fileRef = D6DFDAC72204437800E3DDE1 /* RestaurentCell.xib */; };
		D6DFDACB22044AF500E3DDE1 /* Clock.png in Resources */ = {isa = PBXBuildFile; fileRef = D6DFDACA22044AF400E3DDE1 /* Clock.png */; };
		D6DFDACD22044B0B00E3DDE1 /* Driver.png in Resources */ = {isa = PBXBuildFile; fileRef = D6DFDACC22044B0B00E3DDE1 /* Driver.png */; };
		D6DFDACF22044B1D00E3DDE1 /* food.jpeg in Resources */ = {isa = PBXBuildFile; fileRef = D6DFDACE22044B1D00E3DDE1 /* food.jpeg */; };
		D6E439E62201AF1100AD4B38 /* AppDelegate.swift in Sources */ = {isa = PBXBuildFile; fileRef = D6E439E52201AF1100AD4B38 /* AppDelegate.swift */; };
		D6E439E82201AF1100AD4B38 /* ViewController.swift in Sources */ = {isa = PBXBuildFile; fileRef = D6E439E72201AF1100AD4B38 /* ViewController.swift */; };
		D6E439EB2201AF1100AD4B38 /* Main.storyboard in Resources */ = {isa = PBXBuildFile; fileRef = D6E439E92201AF1100AD4B38 /* Main.storyboard */; };
		D6E439EE2201AF1100AD4B38 /* BarTabControllers.xcdatamodeld in Sources */ = {isa = PBXBuildFile; fileRef = D6E439EC2201AF1100AD4B38 /* BarTabControllers.xcdatamodeld */; };
		D6E439F02201AF1E00AD4B38 /* Assets.xcassets in Resources */ = {isa = PBXBuildFile; fileRef = D6E439EF2201AF1E00AD4B38 /* Assets.xcassets */; };
		D6E439F32201AF1E00AD4B38 /* LaunchScreen.storyboard in Resources */ = {isa = PBXBuildFile; fileRef = D6E439F12201AF1E00AD4B38 /* LaunchScreen.storyboard */; };
		D6E439FE2201AF1E00AD4B38 /* BarTabControllersTests.swift in Sources */ = {isa = PBXBuildFile; fileRef = D6E439FD2201AF1E00AD4B38 /* BarTabControllersTests.swift */; };
		D6E43A092201AF1F00AD4B38 /* BarTabControllersUITests.swift in Sources */ = {isa = PBXBuildFile; fileRef = D6E43A082201AF1F00AD4B38 /* BarTabControllersUITests.swift */; };
		D6E43A192201AF8F00AD4B38 /* HomeVC.swift in Sources */ = {isa = PBXBuildFile; fileRef = D6E43A172201AF8F00AD4B38 /* HomeVC.swift */; };
		D6E43A1A2201AF8F00AD4B38 /* HomeVC.xib in Resources */ = {isa = PBXBuildFile; fileRef = D6E43A182201AF8F00AD4B38 /* HomeVC.xib */; };
		D6E43A1D2201AFB300AD4B38 /* AccontVC.swift in Sources */ = {isa = PBXBuildFile; fileRef = D6E43A1B2201AFB300AD4B38 /* AccontVC.swift */; };
		D6E43A1E2201AFB300AD4B38 /* AccontVC.xib in Resources */ = {isa = PBXBuildFile; fileRef = D6E43A1C2201AFB300AD4B38 /* AccontVC.xib */; };
		D6E43A212201AFC400AD4B38 /* OrdersVC.swift in Sources */ = {isa = PBXBuildFile; fileRef = D6E43A1F2201AFC400AD4B38 /* OrdersVC.swift */; };
		D6E43A222201AFC400AD4B38 /* OrdersVC.xib in Resources */ = {isa = PBXBuildFile; fileRef = D6E43A202201AFC400AD4B38 /* OrdersVC.xib */; };
		D6E43A252201AFEF00AD4B38 /* CartVC.swift in Sources */ = {isa = PBXBuildFile; fileRef = D6E43A232201AFEF00AD4B38 /* CartVC.swift */; };
		D6E43A262201AFEF00AD4B38 /* CartVC.xib in Resources */ = {isa = PBXBuildFile; fileRef = D6E43A242201AFEF00AD4B38 /* CartVC.xib */; };
		D6E43A2A2201C8EE00AD4B38 /* home.png in Resources */ = {isa = PBXBuildFile; fileRef = D6E43A292201C8ED00AD4B38 /* home.png */; };
		D6E43A2C2201D47100AD4B38 /* res.png in Resources */ = {isa = PBXBuildFile; fileRef = D6E43A2B2201D47000AD4B38 /* res.png */; };
		D6E54A972202C1050026DA02 /* BarController.swift in Sources */ = {isa = PBXBuildFile; fileRef = D6E54A962202C1050026DA02 /* BarController.swift */; };
		D6E54A9A2202C42E0026DA02 /* StartVC.swift in Sources */ = {isa = PBXBuildFile; fileRef = D6E54A982202C42E0026DA02 /* StartVC.swift */; };
		D6E54A9B2202C42E0026DA02 /* StartVC.xib in Resources */ = {isa = PBXBuildFile; fileRef = D6E54A992202C42E0026DA02 /* StartVC.xib */; };
		D6E69CBC220C35E600922C97 /* RestaurantCell.swift in Sources */ = {isa = PBXBuildFile; fileRef = D6E69CBA220C35E600922C97 /* RestaurantCell.swift */; };
		D6E69CBD220C35E600922C97 /* RestaurantCell.xib in Resources */ = {isa = PBXBuildFile; fileRef = D6E69CBB220C35E600922C97 /* RestaurantCell.xib */; };
/* End PBXBuildFile section */

/* Begin PBXContainerItemProxy section */
		D6E439FA2201AF1E00AD4B38 /* PBXContainerItemProxy */ = {
			isa = PBXContainerItemProxy;
			containerPortal = D6E439DA2201AF1100AD4B38 /* Project object */;
			proxyType = 1;
			remoteGlobalIDString = D6E439E12201AF1100AD4B38;
			remoteInfo = BarTabControllers;
		};
		D6E43A052201AF1E00AD4B38 /* PBXContainerItemProxy */ = {
			isa = PBXContainerItemProxy;
			containerPortal = D6E439DA2201AF1100AD4B38 /* Project object */;
			proxyType = 1;
			remoteGlobalIDString = D6E439E12201AF1100AD4B38;
			remoteInfo = BarTabControllers;
		};
/* End PBXContainerItemProxy section */

/* Begin PBXFileReference section */
		D6DFDABC220403F000E3DDE1 /* SSASideMenu.swift */ = {isa = PBXFileReference; lastKnownFileType = sourcecode.swift; path = SSASideMenu.swift; sourceTree = "<group>"; };
		D6DFDABE2204047D00E3DDE1 /* LeftMenuViewController.swift */ = {isa = PBXFileReference; lastKnownFileType = sourcecode.swift; path = LeftMenuViewController.swift; sourceTree = "<group>"; };
		D6DFDABF2204047D00E3DDE1 /* LeftMenuViewController.xib */ = {isa = PBXFileReference; lastKnownFileType = file.xib; path = LeftMenuViewController.xib; sourceTree = "<group>"; };
		D6DFDAC62204437800E3DDE1 /* RestaurentCell.swift */ = {isa = PBXFileReference; lastKnownFileType = sourcecode.swift; path = RestaurentCell.swift; sourceTree = "<group>"; };
		D6DFDAC72204437800E3DDE1 /* RestaurentCell.xib */ = {isa = PBXFileReference; lastKnownFileType = file.xib; path = RestaurentCell.xib; sourceTree = "<group>"; };
		D6DFDACA22044AF400E3DDE1 /* Clock.png */ = {isa = PBXFileReference; lastKnownFileType = image.png; path = Clock.png; sourceTree = "<group>"; };
		D6DFDACC22044B0B00E3DDE1 /* Driver.png */ = {isa = PBXFileReference; lastKnownFileType = image.png; path = Driver.png; sourceTree = "<group>"; };
		D6DFDACE22044B1D00E3DDE1 /* food.jpeg */ = {isa = PBXFileReference; lastKnownFileType = image.jpeg; path = food.jpeg; sourceTree = "<group>"; };
		D6E439E22201AF1100AD4B38 /* BarTabControllers.app */ = {isa = PBXFileReference; explicitFileType = wrapper.application; includeInIndex = 0; path = BarTabControllers.app; sourceTree = BUILT_PRODUCTS_DIR; };
		D6E439E52201AF1100AD4B38 /* AppDelegate.swift */ = {isa = PBXFileReference; lastKnownFileType = sourcecode.swift; path = AppDelegate.swift; sourceTree = "<group>"; };
		D6E439E72201AF1100AD4B38 /* ViewController.swift */ = {isa = PBXFileReference; lastKnownFileType = sourcecode.swift; path = ViewController.swift; sourceTree = "<group>"; };
		D6E439EA2201AF1100AD4B38 /* Base */ = {isa = PBXFileReference; lastKnownFileType = file.storyboard; name = Base; path = Base.lproj/Main.storyboard; sourceTree = "<group>"; };
		D6E439ED2201AF1100AD4B38 /* BarTabControllers.xcdatamodel */ = {isa = PBXFileReference; lastKnownFileType = wrapper.xcdatamodel; path = BarTabControllers.xcdatamodel; sourceTree = "<group>"; };
		D6E439EF2201AF1E00AD4B38 /* Assets.xcassets */ = {isa = PBXFileReference; lastKnownFileType = folder.assetcatalog; path = Assets.xcassets; sourceTree = "<group>"; };
		D6E439F22201AF1E00AD4B38 /* Base */ = {isa = PBXFileReference; lastKnownFileType = file.storyboard; name = Base; path = Base.lproj/LaunchScreen.storyboard; sourceTree = "<group>"; };
		D6E439F42201AF1E00AD4B38 /* Info.plist */ = {isa = PBXFileReference; lastKnownFileType = text.plist.xml; path = Info.plist; sourceTree = "<group>"; };
		D6E439F92201AF1E00AD4B38 /* BarTabControllersTests.xctest */ = {isa = PBXFileReference; explicitFileType = wrapper.cfbundle; includeInIndex = 0; path = BarTabControllersTests.xctest; sourceTree = BUILT_PRODUCTS_DIR; };
		D6E439FD2201AF1E00AD4B38 /* BarTabControllersTests.swift */ = {isa = PBXFileReference; lastKnownFileType = sourcecode.swift; path = BarTabControllersTests.swift; sourceTree = "<group>"; };
		D6E439FF2201AF1E00AD4B38 /* Info.plist */ = {isa = PBXFileReference; lastKnownFileType = text.plist.xml; path = Info.plist; sourceTree = "<group>"; };
		D6E43A042201AF1E00AD4B38 /* BarTabControllersUITests.xctest */ = {isa = PBXFileReference; explicitFileType = wrapper.cfbundle; includeInIndex = 0; path = BarTabControllersUITests.xctest; sourceTree = BUILT_PRODUCTS_DIR; };
		D6E43A082201AF1F00AD4B38 /* BarTabControllersUITests.swift */ = {isa = PBXFileReference; lastKnownFileType = sourcecode.swift; path = BarTabControllersUITests.swift; sourceTree = "<group>"; };
		D6E43A0A2201AF1F00AD4B38 /* Info.plist */ = {isa = PBXFileReference; lastKnownFileType = text.plist.xml; path = Info.plist; sourceTree = "<group>"; };
		D6E43A172201AF8F00AD4B38 /* HomeVC.swift */ = {isa = PBXFileReference; lastKnownFileType = sourcecode.swift; path = HomeVC.swift; sourceTree = "<group>"; };
		D6E43A182201AF8F00AD4B38 /* HomeVC.xib */ = {isa = PBXFileReference; lastKnownFileType = file.xib; path = HomeVC.xib; sourceTree = "<group>"; };
		D6E43A1B2201AFB300AD4B38 /* AccontVC.swift */ = {isa = PBXFileReference; lastKnownFileType = sourcecode.swift; path = AccontVC.swift; sourceTree = "<group>"; };
		D6E43A1C2201AFB300AD4B38 /* AccontVC.xib */ = {isa = PBXFileReference; lastKnownFileType = file.xib; path = AccontVC.xib; sourceTree = "<group>"; };
		D6E43A1F2201AFC400AD4B38 /* OrdersVC.swift */ = {isa = PBXFileReference; lastKnownFileType = sourcecode.swift; path = OrdersVC.swift; sourceTree = "<group>"; };
		D6E43A202201AFC400AD4B38 /* OrdersVC.xib */ = {isa = PBXFileReference; lastKnownFileType = file.xib; path = OrdersVC.xib; sourceTree = "<group>"; };
		D6E43A232201AFEF00AD4B38 /* CartVC.swift */ = {isa = PBXFileReference; lastKnownFileType = sourcecode.swift; path = CartVC.swift; sourceTree = "<group>"; };
		D6E43A242201AFEF00AD4B38 /* CartVC.xib */ = {isa = PBXFileReference; lastKnownFileType = file.xib; path = CartVC.xib; sourceTree = "<group>"; };
		D6E43A292201C8ED00AD4B38 /* home.png */ = {isa = PBXFileReference; lastKnownFileType = image.png; path = home.png; sourceTree = "<group>"; };
		D6E43A2B2201D47000AD4B38 /* res.png */ = {isa = PBXFileReference; lastKnownFileType = image.png; path = res.png; sourceTree = "<group>"; };
		D6E54A962202C1050026DA02 /* BarController.swift */ = {isa = PBXFileReference; lastKnownFileType = sourcecode.swift; path = BarController.swift; sourceTree = "<group>"; };
		D6E54A982202C42E0026DA02 /* StartVC.swift */ = {isa = PBXFileReference; lastKnownFileType = sourcecode.swift; path = StartVC.swift; sourceTree = "<group>"; };
		D6E54A992202C42E0026DA02 /* StartVC.xib */ = {isa = PBXFileReference; lastKnownFileType = file.xib; path = StartVC.xib; sourceTree = "<group>"; };
		D6E69CBA220C35E600922C97 /* RestaurantCell.swift */ = {isa = PBXFileReference; lastKnownFileType = sourcecode.swift; path = RestaurantCell.swift; sourceTree = "<group>"; };
		D6E69CBB220C35E600922C97 /* RestaurantCell.xib */ = {isa = PBXFileReference; lastKnownFileType = file.xib; path = RestaurantCell.xib; sourceTree = "<group>"; };
/* End PBXFileReference section */

/* Begin PBXFrameworksBuildPhase section */
		D6E439DF2201AF1100AD4B38 /* Frameworks */ = {
			isa = PBXFrameworksBuildPhase;
			buildActionMask = 2147483647;
			files = (
			);
			runOnlyForDeploymentPostprocessing = 0;
		};
		D6E439F62201AF1E00AD4B38 /* Frameworks */ = {
			isa = PBXFrameworksBuildPhase;
			buildActionMask = 2147483647;
			files = (
			);
			runOnlyForDeploymentPostprocessing = 0;
		};
		D6E43A012201AF1E00AD4B38 /* Frameworks */ = {
			isa = PBXFrameworksBuildPhase;
			buildActionMask = 2147483647;
			files = (
			);
			runOnlyForDeploymentPostprocessing = 0;
		};
/* End PBXFrameworksBuildPhase section */

/* Begin PBXGroup section */
		D6E439D92201AF1100AD4B38 = {
			isa = PBXGroup;
			children = (
				D6E69CBA220C35E600922C97 /* RestaurantCell.swift */,
				D6E69CBB220C35E600922C97 /* RestaurantCell.xib */,
				D6DFDAC62204437800E3DDE1 /* RestaurentCell.swift */,
				D6DFDAC72204437800E3DDE1 /* RestaurentCell.xib */,
				D6DFDABC220403F000E3DDE1 /* SSASideMenu.swift */,
				D6E54A982202C42E0026DA02 /* StartVC.swift */,
				D6E54A992202C42E0026DA02 /* StartVC.xib */,
				D6E54A962202C1050026DA02 /* BarController.swift */,
				D6E439E42201AF1100AD4B38 /* BarTabControllers */,
				D6E439FC2201AF1E00AD4B38 /* BarTabControllersTests */,
				D6E43A072201AF1F00AD4B38 /* BarTabControllersUITests */,
				D6E439E32201AF1100AD4B38 /* Products */,
			);
			sourceTree = "<group>";
		};
		D6E439E32201AF1100AD4B38 /* Products */ = {
			isa = PBXGroup;
			children = (
				D6E439E22201AF1100AD4B38 /* BarTabControllers.app */,
				D6E439F92201AF1E00AD4B38 /* BarTabControllersTests.xctest */,
				D6E43A042201AF1E00AD4B38 /* BarTabControllersUITests.xctest */,
			);
			name = Products;
			sourceTree = "<group>";
		};
		D6E439E42201AF1100AD4B38 /* BarTabControllers */ = {
			isa = PBXGroup;
			children = (
				D6E43A292201C8ED00AD4B38 /* home.png */,
				D6DFDACC22044B0B00E3DDE1 /* Driver.png */,
				D6DFDACE22044B1D00E3DDE1 /* food.jpeg */,
				D6E43A2B2201D47000AD4B38 /* res.png */,
				D6DFDACA22044AF400E3DDE1 /* Clock.png */,
				D6E43A162201AF2E00AD4B38 /* VC */,
				D6E439E52201AF1100AD4B38 /* AppDelegate.swift */,
				D6E439E72201AF1100AD4B38 /* ViewController.swift */,
				D6E439E92201AF1100AD4B38 /* Main.storyboard */,
				D6E439EF2201AF1E00AD4B38 /* Assets.xcassets */,
				D6E439F12201AF1E00AD4B38 /* LaunchScreen.storyboard */,
				D6E439F42201AF1E00AD4B38 /* Info.plist */,
				D6E439EC2201AF1100AD4B38 /* BarTabControllers.xcdatamodeld */,
			);
			path = BarTabControllers;
			sourceTree = "<group>";
		};
		D6E439FC2201AF1E00AD4B38 /* BarTabControllersTests */ = {
			isa = PBXGroup;
			children = (
				D6E439FD2201AF1E00AD4B38 /* BarTabControllersTests.swift */,
				D6E439FF2201AF1E00AD4B38 /* Info.plist */,
			);
			path = BarTabControllersTests;
			sourceTree = "<group>";
		};
		D6E43A072201AF1F00AD4B38 /* BarTabControllersUITests */ = {
			isa = PBXGroup;
			children = (
				D6E43A082201AF1F00AD4B38 /* BarTabControllersUITests.swift */,
				D6E43A0A2201AF1F00AD4B38 /* Info.plist */,
			);
			path = BarTabControllersUITests;
			sourceTree = "<group>";
		};
		D6E43A162201AF2E00AD4B38 /* VC */ = {
			isa = PBXGroup;
			children = (
				D6E43A172201AF8F00AD4B38 /* HomeVC.swift */,
				D6E43A182201AF8F00AD4B38 /* HomeVC.xib */,
				D6E43A1B2201AFB300AD4B38 /* AccontVC.swift */,
				D6E43A1C2201AFB300AD4B38 /* AccontVC.xib */,
				D6E43A1F2201AFC400AD4B38 /* OrdersVC.swift */,
				D6E43A202201AFC400AD4B38 /* OrdersVC.xib */,
				D6E43A232201AFEF00AD4B38 /* CartVC.swift */,
				D6E43A242201AFEF00AD4B38 /* CartVC.xib */,
				D6DFDABE2204047D00E3DDE1 /* LeftMenuViewController.swift */,
				D6DFDABF2204047D00E3DDE1 /* LeftMenuViewController.xib */,
			);
			path = VC;
			sourceTree = "<group>";
		};
/* End PBXGroup section */

/* Begin PBXNativeTarget section */
		D6E439E12201AF1100AD4B38 /* BarTabControllers */ = {
			isa = PBXNativeTarget;
			buildConfigurationList = D6E43A0D2201AF1F00AD4B38 /* Build configuration list for PBXNativeTarget "BarTabControllers" */;
			buildPhases = (
				D6E439DE2201AF1100AD4B38 /* Sources */,
				D6E439DF2201AF1100AD4B38 /* Frameworks */,
				D6E439E02201AF1100AD4B38 /* Resources */,
			);
			buildRules = (
			);
			dependencies = (
			);
			name = BarTabControllers;
			productName = BarTabControllers;
			productReference = D6E439E22201AF1100AD4B38 /* BarTabControllers.app */;
			productType = "com.apple.product-type.application";
		};
		D6E439F82201AF1E00AD4B38 /* BarTabControllersTests */ = {
			isa = PBXNativeTarget;
			buildConfigurationList = D6E43A102201AF1F00AD4B38 /* Build configuration list for PBXNativeTarget "BarTabControllersTests" */;
			buildPhases = (
				D6E439F52201AF1E00AD4B38 /* Sources */,
				D6E439F62201AF1E00AD4B38 /* Frameworks */,
				D6E439F72201AF1E00AD4B38 /* Resources */,
			);
			buildRules = (
			);
			dependencies = (
				D6E439FB2201AF1E00AD4B38 /* PBXTargetDependency */,
			);
			name = BarTabControllersTests;
			productName = BarTabControllersTests;
			productReference = D6E439F92201AF1E00AD4B38 /* BarTabControllersTests.xctest */;
			productType = "com.apple.product-type.bundle.unit-test";
		};
		D6E43A032201AF1E00AD4B38 /* BarTabControllersUITests */ = {
			isa = PBXNativeTarget;
			buildConfigurationList = D6E43A132201AF1F00AD4B38 /* Build configuration list for PBXNativeTarget "BarTabControllersUITests" */;
			buildPhases = (
				D6E43A002201AF1E00AD4B38 /* Sources */,
				D6E43A012201AF1E00AD4B38 /* Frameworks */,
				D6E43A022201AF1E00AD4B38 /* Resources */,
			);
			buildRules = (
			);
			dependencies = (
				D6E43A062201AF1E00AD4B38 /* PBXTargetDependency */,
			);
			name = BarTabControllersUITests;
			productName = BarTabControllersUITests;
			productReference = D6E43A042201AF1E00AD4B38 /* BarTabControllersUITests.xctest */;
			productType = "com.apple.product-type.bundle.ui-testing";
		};
/* End PBXNativeTarget section */

/* Begin PBXProject section */
		D6E439DA2201AF1100AD4B38 /* Project object */ = {
			isa = PBXProject;
			attributes = {
				LastSwiftUpdateCheck = 1010;
				LastUpgradeCheck = 1010;
				ORGANIZATIONNAME = "LetMeCall Corp";
				TargetAttributes = {
					D6E439E12201AF1100AD4B38 = {
						CreatedOnToolsVersion = 10.1;
					};
					D6E439F82201AF1E00AD4B38 = {
						CreatedOnToolsVersion = 10.1;
						TestTargetID = D6E439E12201AF1100AD4B38;
					};
					D6E43A032201AF1E00AD4B38 = {
						CreatedOnToolsVersion = 10.1;
						TestTargetID = D6E439E12201AF1100AD4B38;
					};
				};
			};
			buildConfigurationList = D6E439DD2201AF1100AD4B38 /* Build configuration list for PBXProject "BarTabControllers" */;
			compatibilityVersion = "Xcode 9.3";
			developmentRegion = en;
			hasScannedForEncodings = 0;
			knownRegions = (
				en,
				Base,
			);
			mainGroup = D6E439D92201AF1100AD4B38;
			productRefGroup = D6E439E32201AF1100AD4B38 /* Products */;
			projectDirPath = "";
			projectRoot = "";
			targets = (
				D6E439E12201AF1100AD4B38 /* BarTabControllers */,
				D6E439F82201AF1E00AD4B38 /* BarTabControllersTests */,
				D6E43A032201AF1E00AD4B38 /* BarTabControllersUITests */,
			);
		};
/* End PBXProject section */

/* Begin PBXResourcesBuildPhase section */
		D6E439E02201AF1100AD4B38 /* Resources */ = {
			isa = PBXResourcesBuildPhase;
			buildActionMask = 2147483647;
			files = (
				D6DFDACF22044B1D00E3DDE1 /* food.jpeg in Resources */,
				D6DFDAC92204437800E3DDE1 /* RestaurentCell.xib in Resources */,
				D6E439F32201AF1E00AD4B38 /* LaunchScreen.storyboard in Resources */,
				D6E54A9B2202C42E0026DA02 /* StartVC.xib in Resources */,
				D6DFDACB22044AF500E3DDE1 /* Clock.png in Resources */,
				D6E43A1A2201AF8F00AD4B38 /* HomeVC.xib in Resources */,
				D6DFDAC12204047D00E3DDE1 /* LeftMenuViewController.xib in Resources */,
				D6E43A1E2201AFB300AD4B38 /* AccontVC.xib in Resources */,
				D6DFDACD22044B0B00E3DDE1 /* Driver.png in Resources */,
				D6E43A2C2201D47100AD4B38 /* res.png in Resources */,
				D6E43A262201AFEF00AD4B38 /* CartVC.xib in Resources */,
				D6E439F02201AF1E00AD4B38 /* Assets.xcassets in Resources */,
				D6E69CBD220C35E600922C97 /* RestaurantCell.xib in Resources */,
				D6E439EB2201AF1100AD4B38 /* Main.storyboard in Resources */,
				D6E43A222201AFC400AD4B38 /* OrdersVC.xib in Resources */,
				D6E43A2A2201C8EE00AD4B38 /* home.png in Resources */,
			);
			runOnlyForDeploymentPostprocessing = 0;
		};
		D6E439F72201AF1E00AD4B38 /* Resources */ = {
			isa = PBXResourcesBuildPhase;
			buildActionMask = 2147483647;
			files = (
			);
			runOnlyForDeploymentPostprocessing = 0;
		};
		D6E43A022201AF1E00AD4B38 /* Resources */ = {
			isa = PBXResourcesBuildPhase;
			buildActionMask = 2147483647;
			files = (
			);
			runOnlyForDeploymentPostprocessing = 0;
		};
/* End PBXResourcesBuildPhase section */

/* Begin PBXSourcesBuildPhase section */
		D6E439DE2201AF1100AD4B38 /* Sources */ = {
			isa = PBXSourcesBuildPhase;
			buildActionMask = 2147483647;
			files = (
				D6DFDAC82204437800E3DDE1 /* RestaurentCell.swift in Sources */,
				D6E439E82201AF1100AD4B38 /* ViewController.swift in Sources */,
				D6E43A212201AFC400AD4B38 /* OrdersVC.swift in Sources */,
				D6E43A252201AFEF00AD4B38 /* CartVC.swift in Sources */,
				D6DFDABD220403F000E3DDE1 /* SSASideMenu.swift in Sources */,
				D6E43A192201AF8F00AD4B38 /* HomeVC.swift in Sources */,
				D6E43A1D2201AFB300AD4B38 /* AccontVC.swift in Sources */,
				D6E439EE2201AF1100AD4B38 /* BarTabControllers.xcdatamodeld in Sources */,
				D6DFDAC02204047D00E3DDE1 /* LeftMenuViewController.swift in Sources */,
				D6E439E62201AF1100AD4B38 /* AppDelegate.swift in Sources */,
				D6E69CBC220C35E600922C97 /* RestaurantCell.swift in Sources */,
				D6E54A972202C1050026DA02 /* BarController.swift in Sources */,
				D6E54A9A2202C42E0026DA02 /* StartVC.swift in Sources */,
			);
			runOnlyForDeploymentPostprocessing = 0;
		};
		D6E439F52201AF1E00AD4B38 /* Sources */ = {
			isa = PBXSourcesBuildPhase;
			buildActionMask = 2147483647;
			files = (
				D6E439FE2201AF1E00AD4B38 /* BarTabControllersTests.swift in Sources */,
			);
			runOnlyForDeploymentPostprocessing = 0;
		};
		D6E43A002201AF1E00AD4B38 /* Sources */ = {
			isa = PBXSourcesBuildPhase;
			buildActionMask = 2147483647;
			files = (
				D6E43A092201AF1F00AD4B38 /* BarTabControllersUITests.swift in Sources */,
			);
			runOnlyForDeploymentPostprocessing = 0;
		};
/* End PBXSourcesBuildPhase section */

/* Begin PBXTargetDependency section */
		D6E439FB2201AF1E00AD4B38 /* PBXTargetDependency */ = {
			isa = PBXTargetDependency;
			target = D6E439E12201AF1100AD4B38 /* BarTabControllers */;
			targetProxy = D6E439FA2201AF1E00AD4B38 /* PBXContainerItemProxy */;
		};
		D6E43A062201AF1E00AD4B38 /* PBXTargetDependency */ = {
			isa = PBXTargetDependency;
			target = D6E439E12201AF1100AD4B38 /* BarTabControllers */;
			targetProxy = D6E43A052201AF1E00AD4B38 /* PBXContainerItemProxy */;
		};
/* End PBXTargetDependency section */

/* Begin PBXVariantGroup section */
		D6E439E92201AF1100AD4B38 /* Main.storyboard */ = {
			isa = PBXVariantGroup;
			children = (
				D6E439EA2201AF1100AD4B38 /* Base */,
			);
			name = Main.storyboard;
			sourceTree = "<group>";
		};
		D6E439F12201AF1E00AD4B38 /* LaunchScreen.storyboard */ = {
			isa = PBXVariantGroup;
			children = (
				D6E439F22201AF1E00AD4B38 /* Base */,
			);
			name = LaunchScreen.storyboard;
			sourceTree = "<group>";
		};
/* End PBXVariantGroup section */

/* Begin XCBuildConfiguration section */
		D6E43A0B2201AF1F00AD4B38 /* Debug */ = {
			isa = XCBuildConfiguration;
			buildSettings = {
				ALWAYS_SEARCH_USER_PATHS = NO;
				CLANG_ANALYZER_NONNULL = YES;
				CLANG_ANALYZER_NUMBER_OBJECT_CONVERSION = YES_AGGRESSIVE;
				CLANG_CXX_LANGUAGE_STANDARD = "gnu++14";
				CLANG_CXX_LIBRARY = "libc++";
				CLANG_ENABLE_MODULES = YES;
				CLANG_ENABLE_OBJC_ARC = YES;
				CLANG_ENABLE_OBJC_WEAK = YES;
				CLANG_WARN_BLOCK_CAPTURE_AUTORELEASING = YES;
				CLANG_WARN_BOOL_CONVERSION = YES;
				CLANG_WARN_COMMA = YES;
				CLANG_WARN_CONSTANT_CONVERSION = YES;
				CLANG_WARN_DEPRECATED_OBJC_IMPLEMENTATIONS = YES;
				CLANG_WARN_DIRECT_OBJC_ISA_USAGE = YES_ERROR;
				CLANG_WARN_DOCUMENTATION_COMMENTS = YES;
				CLANG_WARN_EMPTY_BODY = YES;
				CLANG_WARN_ENUM_CONVERSION = YES;
				CLANG_WARN_INFINITE_RECURSION = YES;
				CLANG_WARN_INT_CONVERSION = YES;
				CLANG_WARN_NON_LITERAL_NULL_CONVERSION = YES;
				CLANG_WARN_OBJC_IMPLICIT_RETAIN_SELF = YES;
				CLANG_WARN_OBJC_LITERAL_CONVERSION = YES;
				CLANG_WARN_OBJC_ROOT_CLASS = YES_ERROR;
				CLANG_WARN_RANGE_LOOP_ANALYSIS = YES;
				CLANG_WARN_STRICT_PROTOTYPES = YES;
				CLANG_WARN_SUSPICIOUS_MOVE = YES;
				CLANG_WARN_UNGUARDED_AVAILABILITY = YES_AGGRESSIVE;
				CLANG_WARN_UNREACHABLE_CODE = YES;
				CLANG_WARN__DUPLICATE_METHOD_MATCH = YES;
				CODE_SIGN_IDENTITY = "iPhone Developer";
				COPY_PHASE_STRIP = NO;
				DEBUG_INFORMATION_FORMAT = dwarf;
				ENABLE_STRICT_OBJC_MSGSEND = YES;
				ENABLE_TESTABILITY = YES;
				GCC_C_LANGUAGE_STANDARD = gnu11;
				GCC_DYNAMIC_NO_PIC = NO;
				GCC_NO_COMMON_BLOCKS = YES;
				GCC_OPTIMIZATION_LEVEL = 0;
				GCC_PREPROCESSOR_DEFINITIONS = (
					"DEBUG=1",
					"$(inherited)",
				);
				GCC_WARN_64_TO_32_BIT_CONVERSION = YES;
				GCC_WARN_ABOUT_RETURN_TYPE = YES_ERROR;
				GCC_WARN_UNDECLARED_SELECTOR = YES;
				GCC_WARN_UNINITIALIZED_AUTOS = YES_AGGRESSIVE;
				GCC_WARN_UNUSED_FUNCTION = YES;
				GCC_WARN_UNUSED_VARIABLE = YES;
				IPHONEOS_DEPLOYMENT_TARGET = 12.1;
				MTL_ENABLE_DEBUG_INFO = INCLUDE_SOURCE;
				MTL_FAST_MATH = YES;
				ONLY_ACTIVE_ARCH = YES;
				SDKROOT = iphoneos;
				SWIFT_ACTIVE_COMPILATION_CONDITIONS = DEBUG;
				SWIFT_OPTIMIZATION_LEVEL = "-Onone";
			};
			name = Debug;
		};
		D6E43A0C2201AF1F00AD4B38 /* Release */ = {
			isa = XCBuildConfiguration;
			buildSettings = {
				ALWAYS_SEARCH_USER_PATHS = NO;
				CLANG_ANALYZER_NONNULL = YES;
				CLANG_ANALYZER_NUMBER_OBJECT_CONVERSION = YES_AGGRESSIVE;
				CLANG_CXX_LANGUAGE_STANDARD = "gnu++14";
				CLANG_CXX_LIBRARY = "libc++";
				CLANG_ENABLE_MODULES = YES;
				CLANG_ENABLE_OBJC_ARC = YES;
				CLANG_ENABLE_OBJC_WEAK = YES;
				CLANG_WARN_BLOCK_CAPTURE_AUTORELEASING = YES;
				CLANG_WARN_BOOL_CONVERSION = YES;
				CLANG_WARN_COMMA = YES;
				CLANG_WARN_CONSTANT_CONVERSION = YES;
				CLANG_WARN_DEPRECATED_OBJC_IMPLEMENTATIONS = YES;
				CLANG_WARN_DIRECT_OBJC_ISA_USAGE = YES_ERROR;
				CLANG_WARN_DOCUMENTATION_COMMENTS = YES;
				CLANG_WARN_EMPTY_BODY = YES;
				CLANG_WARN_ENUM_CONVERSION = YES;
				CLANG_WARN_INFINITE_RECURSION = YES;
				CLANG_WARN_INT_CONVERSION = YES;
				CLANG_WARN_NON_LITERAL_NULL_CONVERSION = YES;
				CLANG_WARN_OBJC_IMPLICIT_RETAIN_SELF = YES;
				CLANG_WARN_OBJC_LITERAL_CONVERSION = YES;
				CLANG_WARN_OBJC_ROOT_CLASS = YES_ERROR;
				CLANG_WARN_RANGE_LOOP_ANALYSIS = YES;
				CLANG_WARN_STRICT_PROTOTYPES = YES;
				CLANG_WARN_SUSPICIOUS_MOVE = YES;
				CLANG_WARN_UNGUARDED_AVAILABILITY = YES_AGGRESSIVE;
				CLANG_WARN_UNREACHABLE_CODE = YES;
				CLANG_WARN__DUPLICATE_METHOD_MATCH = YES;
				CODE_SIGN_IDENTITY = "iPhone Developer";
				COPY_PHASE_STRIP = NO;
				DEBUG_INFORMATION_FORMAT = "dwarf-with-dsym";
				ENABLE_NS_ASSERTIONS = NO;
				ENABLE_STRICT_OBJC_MSGSEND = YES;
				GCC_C_LANGUAGE_STANDARD = gnu11;
				GCC_NO_COMMON_BLOCKS = YES;
				GCC_WARN_64_TO_32_BIT_CONVERSION = YES;
				GCC_WARN_ABOUT_RETURN_TYPE = YES_ERROR;
				GCC_WARN_UNDECLARED_SELECTOR = YES;
				GCC_WARN_UNINITIALIZED_AUTOS = YES_AGGRESSIVE;
				GCC_WARN_UNUSED_FUNCTION = YES;
				GCC_WARN_UNUSED_VARIABLE = YES;
				IPHONEOS_DEPLOYMENT_TARGET = 12.1;
				MTL_ENABLE_DEBUG_INFO = NO;
				MTL_FAST_MATH = YES;
				SDKROOT = iphoneos;
				SWIFT_COMPILATION_MODE = wholemodule;
				SWIFT_OPTIMIZATION_LEVEL = "-O";
				VALIDATE_PRODUCT = YES;
			};
			name = Release;
		};
		D6E43A0E2201AF1F00AD4B38 /* Debug */ = {
			isa = XCBuildConfiguration;
			buildSettings = {
				ASSETCATALOG_COMPILER_APPICON_NAME = AppIcon;
				CODE_SIGN_STYLE = Automatic;
				INFOPLIST_FILE = BarTabControllers/Info.plist;
				LD_RUNPATH_SEARCH_PATHS = (
					"$(inherited)",
					"@executable_path/Frameworks",
				);
				PRODUCT_BUNDLE_IDENTIFIER = LetMeCall.BarTabControllers;
				PRODUCT_NAME = "$(TARGET_NAME)";
				SWIFT_VERSION = 4.2;
				TARGETED_DEVICE_FAMILY = "1,2";
			};
			name = Debug;
		};
		D6E43A0F2201AF1F00AD4B38 /* Release */ = {
			isa = XCBuildConfiguration;
			buildSettings = {
				ASSETCATALOG_COMPILER_APPICON_NAME = AppIcon;
				CODE_SIGN_STYLE = Automatic;
				INFOPLIST_FILE = BarTabControllers/Info.plist;
				LD_RUNPATH_SEARCH_PATHS = (
					"$(inherited)",
					"@executable_path/Frameworks",
				);
				PRODUCT_BUNDLE_IDENTIFIER = LetMeCall.BarTabControllers;
				PRODUCT_NAME = "$(TARGET_NAME)";
				SWIFT_VERSION = 4.2;
				TARGETED_DEVICE_FAMILY = "1,2";
			};
			name = Release;
		};
		D6E43A112201AF1F00AD4B38 /* Debug */ = {
			isa = XCBuildConfiguration;
			buildSettings = {
				ALWAYS_EMBED_SWIFT_STANDARD_LIBRARIES = YES;
				BUNDLE_LOADER = "$(TEST_HOST)";
				CODE_SIGN_STYLE = Automatic;
				INFOPLIST_FILE = BarTabControllersTests/Info.plist;
				LD_RUNPATH_SEARCH_PATHS = (
					"$(inherited)",
					"@executable_path/Frameworks",
					"@loader_path/Frameworks",
				);
				PRODUCT_BUNDLE_IDENTIFIER = LetMeCall.BarTabControllersTests;
				PRODUCT_NAME = "$(TARGET_NAME)";
				SWIFT_VERSION = 4.2;
				TARGETED_DEVICE_FAMILY = "1,2";
				TEST_HOST = "$(BUILT_PRODUCTS_DIR)/BarTabControllers.app/BarTabControllers";
			};
			name = Debug;
		};
		D6E43A122201AF1F00AD4B38 /* Release */ = {
			isa = XCBuildConfiguration;
			buildSettings = {
				ALWAYS_EMBED_SWIFT_STANDARD_LIBRARIES = YES;
				BUNDLE_LOADER = "$(TEST_HOST)";
				CODE_SIGN_STYLE = Automatic;
				INFOPLIST_FILE = BarTabControllersTests/Info.plist;
				LD_RUNPATH_SEARCH_PATHS = (
					"$(inherited)",
					"@executable_path/Frameworks",
					"@loader_path/Frameworks",
				);
				PRODUCT_BUNDLE_IDENTIFIER = LetMeCall.BarTabControllersTests;
				PRODUCT_NAME = "$(TARGET_NAME)";
				SWIFT_VERSION = 4.2;
				TARGETED_DEVICE_FAMILY = "1,2";
				TEST_HOST = "$(BUILT_PRODUCTS_DIR)/BarTabControllers.app/BarTabControllers";
			};
			name = Release;
		};
		D6E43A142201AF1F00AD4B38 /* Debug */ = {
			isa = XCBuildConfiguration;
			buildSettings = {
				ALWAYS_EMBED_SWIFT_STANDARD_LIBRARIES = YES;
				CODE_SIGN_STYLE = Automatic;
				INFOPLIST_FILE = BarTabControllersUITests/Info.plist;
				LD_RUNPATH_SEARCH_PATHS = (
					"$(inherited)",
					"@executable_path/Frameworks",
					"@loader_path/Frameworks",
				);
				PRODUCT_BUNDLE_IDENTIFIER = LetMeCall.BarTabControllersUITests;
				PRODUCT_NAME = "$(TARGET_NAME)";
				SWIFT_VERSION = 4.2;
				TARGETED_DEVICE_FAMILY = "1,2";
				TEST_TARGET_NAME = BarTabControllers;
			};
			name = Debug;
		};
		D6E43A152201AF1F00AD4B38 /* Release */ = {
			isa = XCBuildConfiguration;
			buildSettings = {
				ALWAYS_EMBED_SWIFT_STANDARD_LIBRARIES = YES;
				CODE_SIGN_STYLE = Automatic;
				INFOPLIST_FILE = BarTabControllersUITests/Info.plist;
				LD_RUNPATH_SEARCH_PATHS = (
					"$(inherited)",
					"@executable_path/Frameworks",
					"@loader_path/Frameworks",
				);
				PRODUCT_BUNDLE_IDENTIFIER = LetMeCall.BarTabControllersUITests;
				PRODUCT_NAME = "$(TARGET_NAME)";
				SWIFT_VERSION = 4.2;
				TARGETED_DEVICE_FAMILY = "1,2";
				TEST_TARGET_NAME = BarTabControllers;
			};
			name = Release;
		};
/* End XCBuildConfiguration section */

/* Begin XCConfigurationList section */
		D6E439DD2201AF1100AD4B38 /* Build configuration list for PBXProject "BarTabControllers" */ = {
			isa = XCConfigurationList;
			buildConfigurations = (
				D6E43A0B2201AF1F00AD4B38 /* Debug */,
				D6E43A0C2201AF1F00AD4B38 /* Release */,
			);
			defaultConfigurationIsVisible = 0;
			defaultConfigurationName = Release;
		};
		D6E43A0D2201AF1F00AD4B38 /* Build configuration list for PBXNativeTarget "BarTabControllers" */ = {
			isa = XCConfigurationList;
			buildConfigurations = (
				D6E43A0E2201AF1F00AD4B38 /* Debug */,
				D6E43A0F2201AF1F00AD4B38 /* Release */,
			);
			defaultConfigurationIsVisible = 0;
			defaultConfigurationName = Release;
		};
		D6E43A102201AF1F00AD4B38 /* Build configuration list for PBXNativeTarget "BarTabControllersTests" */ = {
			isa = XCConfigurationList;
			buildConfigurations = (
				D6E43A112201AF1F00AD4B38 /* Debug */,
				D6E43A122201AF1F00AD4B38 /* Release */,
			);
			defaultConfigurationIsVisible = 0;
			defaultConfigurationName = Release;
		};
		D6E43A132201AF1F00AD4B38 /* Build configuration list for PBXNativeTarget "BarTabControllersUITests" */ = {
			isa = XCConfigurationList;
			buildConfigurations = (
				D6E43A142201AF1F00AD4B38 /* Debug */,
				D6E43A152201AF1F00AD4B38 /* Release */,
			);
			defaultConfigurationIsVisible = 0;
			defaultConfigurationName = Release;
		};
/* End XCConfigurationList section */

/* Begin XCVersionGroup section */
		D6E439EC2201AF1100AD4B38 /* BarTabControllers.xcdatamodeld */ = {
			isa = XCVersionGroup;
			children = (
				D6E439ED2201AF1100AD4B38 /* BarTabControllers.xcdatamodel */,
			);
			currentVersion = D6E439ED2201AF1100AD4B38 /* BarTabControllers.xcdatamodel */;
			path = BarTabControllers.xcdatamodeld;
			sourceTree = "<group>";
			versionGroupType = wrapper.xcdatamodel;
		};
/* End XCVersionGroup section */
	};
	rootObject = D6E439DA2201AF1100AD4B38 /* Project object */;
}
